// !$*UTF8*$!
{
	archiveVersion = 1;
	classes = {
	};
	objectVersion = 56;
	objects = {

/* Begin PBXBuildFile section */
		CC451E602BDCEA14004DF79D /* Sandbox_Clone_iOSApp.swift in Sources */ = {isa = PBXBuildFile; fileRef = CC451E5F2BDCEA14004DF79D /* Sandbox_Clone_iOSApp.swift */; };
		CC451E622BDCEA14004DF79D /* ContentView.swift in Sources */ = {isa = PBXBuildFile; fileRef = CC451E612BDCEA14004DF79D /* ContentView.swift */; };
		CC451E642BDCEA15004DF79D /* Assets.xcassets in Resources */ = {isa = PBXBuildFile; fileRef = CC451E632BDCEA15004DF79D /* Assets.xcassets */; };
		CC451E672BDCEA15004DF79D /* Preview Assets.xcassets in Resources */ = {isa = PBXBuildFile; fileRef = CC451E662BDCEA15004DF79D /* Preview Assets.xcassets */; };
		CC451E6F2BDCF01B004DF79D /* Coloring State Logic.swift in Sources */ = {isa = PBXBuildFile; fileRef = CC451E6E2BDCF01B004DF79D /* Coloring State Logic.swift */; };
		CC451E712BDCF0BD004DF79D /* panda numbered grid.txt in Resources */ = {isa = PBXBuildFile; fileRef = CC451E702BDCF0BD004DF79D /* panda numbered grid.txt */; };
		CC451E732BDCF0C4004DF79D /* penguin numbered grid.txt in Resources */ = {isa = PBXBuildFile; fileRef = CC451E722BDCF0C4004DF79D /* penguin numbered grid.txt */; };
/* End PBXBuildFile section */

/* Begin PBXFileReference section */
		CC451E5C2BDCEA14004DF79D /* Sandbox Clone iOS.app */ = {isa = PBXFileReference; explicitFileType = wrapper.application; includeInIndex = 0; path = "Sandbox Clone iOS.app"; sourceTree = BUILT_PRODUCTS_DIR; };
		CC451E5F2BDCEA14004DF79D /* Sandbox_Clone_iOSApp.swift */ = {isa = PBXFileReference; lastKnownFileType = sourcecode.swift; path = Sandbox_Clone_iOSApp.swift; sourceTree = "<group>"; };
		CC451E612BDCEA14004DF79D /* ContentView.swift */ = {isa = PBXFileReference; lastKnownFileType = sourcecode.swift; path = ContentView.swift; sourceTree = "<group>"; };
		CC451E632BDCEA15004DF79D /* Assets.xcassets */ = {isa = PBXFileReference; lastKnownFileType = folder.assetcatalog; path = Assets.xcassets; sourceTree = "<group>"; };
		CC451E662BDCEA15004DF79D /* Preview Assets.xcassets */ = {isa = PBXFileReference; lastKnownFileType = folder.assetcatalog; path = "Preview Assets.xcassets"; sourceTree = "<group>"; };
		CC451E6E2BDCF01B004DF79D /* Coloring State Logic.swift */ = {isa = PBXFileReference; lastKnownFileType = sourcecode.swift; path = "Coloring State Logic.swift"; sourceTree = "<group>"; };
		CC451E702BDCF0BD004DF79D /* panda numbered grid.txt */ = {isa = PBXFileReference; fileEncoding = 4; lastKnownFileType = text; path = "panda numbered grid.txt"; sourceTree = "<group>"; };
		CC451E722BDCF0C4004DF79D /* penguin numbered grid.txt */ = {isa = PBXFileReference; fileEncoding = 4; lastKnownFileType = text; path = "penguin numbered grid.txt"; sourceTree = "<group>"; };
/* End PBXFileReference section */

/* Begin PBXFrameworksBuildPhase section */
		CC451E592BDCEA14004DF79D /* Frameworks */ = {
			isa = PBXFrameworksBuildPhase;
			buildActionMask = 2147483647;
			files = (
			);
			runOnlyForDeploymentPostprocessing = 0;
		};
/* End PBXFrameworksBuildPhase section */

/* Begin PBXGroup section */
		CC451E532BDCEA14004DF79D = {
			isa = PBXGroup;
			children = (
				CC451E5E2BDCEA14004DF79D /* Sandbox Clone iOS */,
				CC451E5D2BDCEA14004DF79D /* Products */,
			);
			sourceTree = "<group>";
		};
		CC451E5D2BDCEA14004DF79D /* Products */ = {
			isa = PBXGroup;
			children = (
				CC451E5C2BDCEA14004DF79D /* Sandbox Clone iOS.app */,
			);
			name = Products;
			sourceTree = "<group>";
		};
		CC451E5E2BDCEA14004DF79D /* Sandbox Clone iOS */ = {
			isa = PBXGroup;
			children = (
				CC451E632BDCEA15004DF79D /* Assets.xcassets */,
				CC451E5F2BDCEA14004DF79D /* Sandbox_Clone_iOSApp.swift */,
				CC451E612BDCEA14004DF79D /* ContentView.swift */,
				CC451E6D2BDCEF96004DF79D /* Coloring State */,
				CC451E652BDCEA15004DF79D /* Preview Content */,
			);
			path = "Sandbox Clone iOS";
			sourceTree = "<group>";
		};
		CC451E652BDCEA15004DF79D /* Preview Content */ = {
			isa = PBXGroup;
			children = (
				CC451E662BDCEA15004DF79D /* Preview Assets.xcassets */,
			);
			path = "Preview Content";
			sourceTree = "<group>";
		};
		CC451E6D2BDCEF96004DF79D /* Coloring State */ = {
			isa = PBXGroup;
			children = (
				CC451E6E2BDCF01B004DF79D /* Coloring State Logic.swift */,
				CC451E702BDCF0BD004DF79D /* panda numbered grid.txt */,
				CC451E722BDCF0C4004DF79D /* penguin numbered grid.txt */,
			);
			path = "Coloring State";
			sourceTree = "<group>";
		};
/* End PBXGroup section */

/* Begin PBXNativeTarget section */
		CC451E5B2BDCEA14004DF79D /* Sandbox Clone iOS */ = {
			isa = PBXNativeTarget;
			buildConfigurationList = CC451E6A2BDCEA15004DF79D /* Build configuration list for PBXNativeTarget "Sandbox Clone iOS" */;
			buildPhases = (
				CC451E582BDCEA14004DF79D /* Sources */,
				CC451E592BDCEA14004DF79D /* Frameworks */,
				CC451E5A2BDCEA14004DF79D /* Resources */,
			);
			buildRules = (
			);
			dependencies = (
			);
			name = "Sandbox Clone iOS";
			productName = "Sandbox Clone iOS";
			productReference = CC451E5C2BDCEA14004DF79D /* Sandbox Clone iOS.app */;
			productType = "com.apple.product-type.application";
		};
/* End PBXNativeTarget section */

/* Begin PBXProject section */
		CC451E542BDCEA14004DF79D /* Project object */ = {
			isa = PBXProject;
			attributes = {
				BuildIndependentTargetsInParallel = 1;
				LastSwiftUpdateCheck = 1530;
				LastUpgradeCheck = 1530;
				TargetAttributes = {
					CC451E5B2BDCEA14004DF79D = {
						CreatedOnToolsVersion = 15.3;
					};
				};
			};
			buildConfigurationList = CC451E572BDCEA14004DF79D /* Build configuration list for PBXProject "Sandbox Clone iOS" */;
			compatibilityVersion = "Xcode 14.0";
			developmentRegion = en;
			hasScannedForEncodings = 0;
			knownRegions = (
				en,
				Base,
			);
			mainGroup = CC451E532BDCEA14004DF79D;
			productRefGroup = CC451E5D2BDCEA14004DF79D /* Products */;
			projectDirPath = "";
			projectRoot = "";
			targets = (
				CC451E5B2BDCEA14004DF79D /* Sandbox Clone iOS */,
			);
		};
/* End PBXProject section */

/* Begin PBXResourcesBuildPhase section */
		CC451E5A2BDCEA14004DF79D /* Resources */ = {
			isa = PBXResourcesBuildPhase;
			buildActionMask = 2147483647;
			files = (
				CC451E712BDCF0BD004DF79D /* panda numbered grid.txt in Resources */,
				CC451E732BDCF0C4004DF79D /* penguin numbered grid.txt in Resources */,
				CC451E672BDCEA15004DF79D /* Preview Assets.xcassets in Resources */,
				CC451E642BDCEA15004DF79D /* Assets.xcassets in Resources */,
			);
			runOnlyForDeploymentPostprocessing = 0;
		};
/* End PBXResourcesBuildPhase section */

/* Begin PBXSourcesBuildPhase section */
		CC451E582BDCEA14004DF79D /* Sources */ = {
			isa = PBXSourcesBuildPhase;
			buildActionMask = 2147483647;
			files = (
				CC451E622BDCEA14004DF79D /* ContentView.swift in Sources */,
				CC451E6F2BDCF01B004DF79D /* Coloring State Logic.swift in Sources */,
				CC451E602BDCEA14004DF79D /* Sandbox_Clone_iOSApp.swift in Sources */,
			);
			runOnlyForDeploymentPostprocessing = 0;
		};
/* End PBXSourcesBuildPhase section */

/* Begin XCBuildConfiguration section */
		CC451E682BDCEA15004DF79D /* Debug */ = {
			isa = XCBuildConfiguration;
			buildSettings = {
				ALWAYS_SEARCH_USER_PATHS = NO;
				ASSETCATALOG_COMPILER_GENERATE_SWIFT_ASSET_SYMBOL_EXTENSIONS = YES;
				CLANG_ANALYZER_NONNULL = YES;
				CLANG_ANALYZER_NUMBER_OBJECT_CONVERSION = YES_AGGRESSIVE;
				CLANG_CXX_LANGUAGE_STANDARD = "gnu++20";
				CLANG_ENABLE_MODULES = YES;
				CLANG_ENABLE_OBJC_ARC = YES;
				CLANG_ENABLE_OBJC_WEAK = YES;
				CLANG_WARN_BLOCK_CAPTURE_AUTORELEASING = YES;
				CLANG_WARN_BOOL_CONVERSION = YES;
				CLANG_WARN_COMMA = YES;
				CLANG_WARN_CONSTANT_CONVERSION = YES;
				CLANG_WARN_DEPRECATED_OBJC_IMPLEMENTATIONS = YES;
				CLANG_WARN_DIRECT_OBJC_ISA_USAGE = YES_ERROR;
				CLANG_WARN_DOCUMENTATION_COMMENTS = YES;
				CLANG_WARN_EMPTY_BODY = YES;
				CLANG_WARN_ENUM_CONVERSION = YES;
				CLANG_WARN_INFINITE_RECURSION = YES;
				CLANG_WARN_INT_CONVERSION = YES;
				CLANG_WARN_NON_LITERAL_NULL_CONVERSION = YES;
				CLANG_WARN_OBJC_IMPLICIT_RETAIN_SELF = YES;
				CLANG_WARN_OBJC_LITERAL_CONVERSION = YES;
				CLANG_WARN_OBJC_ROOT_CLASS = YES_ERROR;
				CLANG_WARN_QUOTED_INCLUDE_IN_FRAMEWORK_HEADER = YES;
				CLANG_WARN_RANGE_LOOP_ANALYSIS = YES;
				CLANG_WARN_STRICT_PROTOTYPES = YES;
				CLANG_WARN_SUSPICIOUS_MOVE = YES;
				CLANG_WARN_UNGUARDED_AVAILABILITY = YES_AGGRESSIVE;
				CLANG_WARN_UNREACHABLE_CODE = YES;
				CLANG_WARN__DUPLICATE_METHOD_MATCH = YES;
				COPY_PHASE_STRIP = NO;
				DEBUG_INFORMATION_FORMAT = dwarf;
				ENABLE_STRICT_OBJC_MSGSEND = YES;
				ENABLE_TESTABILITY = YES;
				ENABLE_USER_SCRIPT_SANDBOXING = YES;
				GCC_C_LANGUAGE_STANDARD = gnu17;
				GCC_DYNAMIC_NO_PIC = NO;
				GCC_NO_COMMON_BLOCKS = YES;
				GCC_OPTIMIZATION_LEVEL = 0;
				GCC_PREPROCESSOR_DEFINITIONS = (
					"DEBUG=1",
					"$(inherited)",
				);
				GCC_WARN_64_TO_32_BIT_CONVERSION = YES;
				GCC_WARN_ABOUT_RETURN_TYPE = YES_ERROR;
				GCC_WARN_UNDECLARED_SELECTOR = YES;
				GCC_WARN_UNINITIALIZED_AUTOS = YES_AGGRESSIVE;
				GCC_WARN_UNUSED_FUNCTION = YES;
				GCC_WARN_UNUSED_VARIABLE = YES;
				IPHONEOS_DEPLOYMENT_TARGET = 17.4;
				LOCALIZATION_PREFERS_STRING_CATALOGS = YES;
				MTL_ENABLE_DEBUG_INFO = INCLUDE_SOURCE;
				MTL_FAST_MATH = YES;
				ONLY_ACTIVE_ARCH = YES;
				SDKROOT = iphoneos;
				SWIFT_ACTIVE_COMPILATION_CONDITIONS = "DEBUG $(inherited)";
				SWIFT_OPTIMIZATION_LEVEL = "-Onone";
			};
			name = Debug;
		};
		CC451E692BDCEA15004DF79D /* Release */ = {
			isa = XCBuildConfiguration;
			buildSettings = {
				ALWAYS_SEARCH_USER_PATHS = NO;
				ASSETCATALOG_COMPILER_GENERATE_SWIFT_ASSET_SYMBOL_EXTENSIONS = YES;
				CLANG_ANALYZER_NONNULL = YES;
				CLANG_ANALYZER_NUMBER_OBJECT_CONVERSION = YES_AGGRESSIVE;
				CLANG_CXX_LANGUAGE_STANDARD = "gnu++20";
				CLANG_ENABLE_MODULES = YES;
				CLANG_ENABLE_OBJC_ARC = YES;
				CLANG_ENABLE_OBJC_WEAK = YES;
				CLANG_WARN_BLOCK_CAPTURE_AUTORELEASING = YES;
				CLANG_WARN_BOOL_CONVERSION = YES;
				CLANG_WARN_COMMA = YES;
				CLANG_WARN_CONSTANT_CONVERSION = YES;
				CLANG_WARN_DEPRECATED_OBJC_IMPLEMENTATIONS = YES;
				CLANG_WARN_DIRECT_OBJC_ISA_USAGE = YES_ERROR;
				CLANG_WARN_DOCUMENTATION_COMMENTS = YES;
				CLANG_WARN_EMPTY_BODY = YES;
				CLANG_WARN_ENUM_CONVERSION = YES;
				CLANG_WARN_INFINITE_RECURSION = YES;
				CLANG_WARN_INT_CONVERSION = YES;
				CLANG_WARN_NON_LITERAL_NULL_CONVERSION = YES;
				CLANG_WARN_OBJC_IMPLICIT_RETAIN_SELF = YES;
				CLANG_WARN_OBJC_LITERAL_CONVERSION = YES;
				CLANG_WARN_OBJC_ROOT_CLASS = YES_ERROR;
				CLANG_WARN_QUOTED_INCLUDE_IN_FRAMEWORK_HEADER = YES;
				CLANG_WARN_RANGE_LOOP_ANALYSIS = YES;
				CLANG_WARN_STRICT_PROTOTYPES = YES;
				CLANG_WARN_SUSPICIOUS_MOVE = YES;
				CLANG_WARN_UNGUARDED_AVAILABILITY = YES_AGGRESSIVE;
				CLANG_WARN_UNREACHABLE_CODE = YES;
				CLANG_WARN__DUPLICATE_METHOD_MATCH = YES;
				COPY_PHASE_STRIP = NO;
				DEBUG_INFORMATION_FORMAT = "dwarf-with-dsym";
				ENABLE_NS_ASSERTIONS = NO;
				ENABLE_STRICT_OBJC_MSGSEND = YES;
				ENABLE_USER_SCRIPT_SANDBOXING = YES;
				GCC_C_LANGUAGE_STANDARD = gnu17;
				GCC_NO_COMMON_BLOCKS = YES;
				GCC_WARN_64_TO_32_BIT_CONVERSION = YES;
				GCC_WARN_ABOUT_RETURN_TYPE = YES_ERROR;
				GCC_WARN_UNDECLARED_SELECTOR = YES;
				GCC_WARN_UNINITIALIZED_AUTOS = YES_AGGRESSIVE;
				GCC_WARN_UNUSED_FUNCTION = YES;
				GCC_WARN_UNUSED_VARIABLE = YES;
				IPHONEOS_DEPLOYMENT_TARGET = 17.4;
				LOCALIZATION_PREFERS_STRING_CATALOGS = YES;
				MTL_ENABLE_DEBUG_INFO = NO;
				MTL_FAST_MATH = YES;
				SDKROOT = iphoneos;
				SWIFT_COMPILATION_MODE = wholemodule;
				VALIDATE_PRODUCT = YES;
			};
			name = Release;
		};
		CC451E6B2BDCEA15004DF79D /* Debug */ = {
			isa = XCBuildConfiguration;
			buildSettings = {
				ASSETCATALOG_COMPILER_APPICON_NAME = AppIcon;
				ASSETCATALOG_COMPILER_GLOBAL_ACCENT_COLOR_NAME = AccentColor;
				CODE_SIGN_STYLE = Automatic;
				CURRENT_PROJECT_VERSION = 1;
				DEVELOPMENT_ASSET_PATHS = "\"Sandbox Clone iOS/Preview Content\"";
				DEVELOPMENT_TEAM = 8742X93NKZ;
				ENABLE_PREVIEWS = YES;
				GENERATE_INFOPLIST_FILE = YES;
				INFOPLIST_KEY_UIApplicationSceneManifest_Generation = YES;
				INFOPLIST_KEY_UIApplicationSupportsIndirectInputEvents = YES;
				INFOPLIST_KEY_UILaunchScreen_Generation = YES;
				INFOPLIST_KEY_UISupportedInterfaceOrientations_iPad = "UIInterfaceOrientationPortrait UIInterfaceOrientationPortraitUpsideDown UIInterfaceOrientationLandscapeLeft UIInterfaceOrientationLandscapeRight";
				INFOPLIST_KEY_UISupportedInterfaceOrientations_iPhone = "UIInterfaceOrientationPortrait UIInterfaceOrientationLandscapeLeft UIInterfaceOrientationLandscapeRight";
				LD_RUNPATH_SEARCH_PATHS = (
					"$(inherited)",
					"@executable_path/Frameworks",
				);
				MARKETING_VERSION = 1.0;
				PRODUCT_BUNDLE_IDENTIFIER = "learning.personal.Sandbox-Clone-iOS";
				PRODUCT_NAME = "$(TARGET_NAME)";
				SWIFT_EMIT_LOC_STRINGS = YES;
				SWIFT_VERSION = 5.0;
				TARGETED_DEVICE_FAMILY = "1,2";
			};
			name = Debug;
		};
		CC451E6C2BDCEA15004DF79D /* Release */ = {
			isa = XCBuildConfiguration;
			buildSettings = {
				ASSETCATALOG_COMPILER_APPICON_NAME = AppIcon;
				ASSETCATALOG_COMPILER_GLOBAL_ACCENT_COLOR_NAME = AccentColor;
				CODE_SIGN_STYLE = Automatic;
				CURRENT_PROJECT_VERSION = 1;
				DEVELOPMENT_ASSET_PATHS = "\"Sandbox Clone iOS/Preview Content\"";
				DEVELOPMENT_TEAM = 8742X93NKZ;
				ENABLE_PREVIEWS = YES;
				GENERATE_INFOPLIST_FILE = YES;
				INFOPLIST_KEY_UIApplicationSceneManifest_Generation = YES;
				INFOPLIST_KEY_UIApplicationSupportsIndirectInputEvents = YES;
				INFOPLIST_KEY_UILaunchScreen_Generation = YES;
				INFOPLIST_KEY_UISupportedInterfaceOrientations_iPad = "UIInterfaceOrientationPortrait UIInterfaceOrientationPortraitUpsideDown UIInterfaceOrientationLandscapeLeft UIInterfaceOrientationLandscapeRight";
				INFOPLIST_KEY_UISupportedInterfaceOrientations_iPhone = "UIInterfaceOrientationPortrait UIInterfaceOrientationLandscapeLeft UIInterfaceOrientationLandscapeRight";
				LD_RUNPATH_SEARCH_PATHS = (
					"$(inherited)",
					"@executable_path/Frameworks",
				);
				MARKETING_VERSION = 1.0;
				PRODUCT_BUNDLE_IDENTIFIER = "learning.personal.Sandbox-Clone-iOS";
				PRODUCT_NAME = "$(TARGET_NAME)";
				SWIFT_EMIT_LOC_STRINGS = YES;
				SWIFT_VERSION = 5.0;
				TARGETED_DEVICE_FAMILY = "1,2";
			};
			name = Release;
		};
/* End XCBuildConfiguration section */

/* Begin XCConfigurationList section */
		CC451E572BDCEA14004DF79D /* Build configuration list for PBXProject "Sandbox Clone iOS" */ = {
			isa = XCConfigurationList;
			buildConfigurations = (
				CC451E682BDCEA15004DF79D /* Debug */,
				CC451E692BDCEA15004DF79D /* Release */,
			);
			defaultConfigurationIsVisible = 0;
			defaultConfigurationName = Release;
		};
		CC451E6A2BDCEA15004DF79D /* Build configuration list for PBXNativeTarget "Sandbox Clone iOS" */ = {
			isa = XCConfigurationList;
			buildConfigurations = (
				CC451E6B2BDCEA15004DF79D /* Debug */,
				CC451E6C2BDCEA15004DF79D /* Release */,
			);
			defaultConfigurationIsVisible = 0;
			defaultConfigurationName = Release;
		};
/* End XCConfigurationList section */
	};
	rootObject = CC451E542BDCEA14004DF79D /* Project object */;
}
